// !$*UTF8*$!
{
	archiveVersion = 1;
	classes = {
	};
	objectVersion = 77;
	objects = {

/* Begin PBXBuildFile section */
		0055EC1C209B2139C0E1AB84 /* LanguageManager.swift in Sources */ = {isa = PBXBuildFile; fileRef = 3E2230CE280817EFAC54C5F0 /* LanguageManager.swift */; };
		030AF3A4C6C48A926CF12453 /* SignaturePlacement.swift in Sources */ = {isa = PBXBuildFile; fileRef = DD5B1F4B0BEA4FE05A099BDD /* SignaturePlacement.swift */; };
		0334D9327A2C41A09E10BEDB /* WorkspaceDocument.swift in Sources */ = {isa = PBXBuildFile; fileRef = A1FC2225FCFCA3E73214C891 /* WorkspaceDocument.swift */; };
		07562B6F11E7942BAE8061BD /* SigningIdentity.swift in Sources */ = {isa = PBXBuildFile; fileRef = 0DAA7AC26579ED342CEFD0B6 /* SigningIdentity.swift */; };
		09C3677315AAFC32C349CE91 /* PageDecoration.swift in Sources */ = {isa = PBXBuildFile; fileRef = 84B38C10463BCC9DFC571C72 /* PageDecoration.swift */; };
		09FA6965427CF4477DEEBA10 /* CERTIFICATE_GUIDE.md in Resources */ = {isa = PBXBuildFile; fileRef = A34D99502EC3CFC93DC21510 /* CERTIFICATE_GUIDE.md */; };
		105B95708F8372BCF238DCE3 /* TimestampClient.swift in Sources */ = {isa = PBXBuildFile; fileRef = 6D7C30A678D81085DF87139F /* TimestampClient.swift */; };
		17F9BF4A253DF40D4E624B40 /* QPDFService.swift in Sources */ = {isa = PBXBuildFile; fileRef = A1630ADA15CA4A37E0B67AF9 /* QPDFService.swift */; };
		1AF37B8DE1DEAA1A0E738B8C /* SidebarView.swift in Sources */ = {isa = PBXBuildFile; fileRef = 6DDB67FD16EC13CE58E4E669 /* SidebarView.swift */; };
		1E4A9284AD104A54F9AF2876 /* PetSpecies.swift in Sources */ = {isa = PBXBuildFile; fileRef = 8225EBA056A88D15C874C2C2 /* PetSpecies.swift */; };
		1FFC571FC718FEE12806F078 /* PDFDecorationExportBaker.swift in Sources */ = {isa = PBXBuildFile; fileRef = 3527E38E24164D05414652D8 /* PDFDecorationExportBaker.swift */; };
		253CA8DFA5B4B0AA2E3090C7 /* SignatureAppearanceRenderer.swift in Sources */ = {isa = PBXBuildFile; fileRef = 78701DF52499230544402E05 /* SignatureAppearanceRenderer.swift */; };
		273310693A2ABF0B0D8B3180 /* PDFOCRService.swift in Sources */ = {isa = PBXBuildFile; fileRef = B6A1DF7ADC1F0D073C74CFA4 /* PDFOCRService.swift */; };
		2760D03B3C022DCC34F7A46F /* Workspace.swift in Sources */ = {isa = PBXBuildFile; fileRef = 2A250219087DB4A3B3AD3069 /* Workspace.swift */; };
		28440F9F9E8DB684B44F2671 /* CMSSignatureBuilder.swift in Sources */ = {isa = PBXBuildFile; fileRef = 48BED5F2F3215DF6CED7F113 /* CMSSignatureBuilder.swift */; };
		287F5260E81B22723FB1B257 /* SignaturePalette.swift in Sources */ = {isa = PBXBuildFile; fileRef = 24E14624F443999D5C6611DB /* SignaturePalette.swift */; };
		293F84DB95092DC43E6F0385 /* PDFEditingSupport.swift in Sources */ = {isa = PBXBuildFile; fileRef = 7FF3E42881295082F31B88B4 /* PDFEditingSupport.swift */; };
		2B08E94DC79625C0799E194A /* ContentView.swift in Sources */ = {isa = PBXBuildFile; fileRef = 406CCE16310F6168CFC39DA5 /* ContentView.swift */; };
		2C2C8C33267F2709E35363AC /* PDFEncryptionService.swift in Sources */ = {isa = PBXBuildFile; fileRef = 71F3FC4014B8C71301928DDB /* PDFEncryptionService.swift */; };
		3649F47473DBE15AF94B6806 /* ImportStressTests.swift in Sources */ = {isa = PBXBuildFile; fileRef = 27E5E2F3AEAD36290772F4E7 /* ImportStressTests.swift */; };
		36F504D0762305CE8AA88F83 /* PDFEditedPageRenderer.swift in Sources */ = {isa = PBXBuildFile; fileRef = 7B9D52028405B1C18D927704 /* PDFEditedPageRenderer.swift */; };
		37F8765B509417F645E527D9 /* PDFKitEngine.swift in Sources */ = {isa = PBXBuildFile; fileRef = 801AEBACE96C2CC17E472E6C /* PDFKitEngine.swift */; };
		388D456EF42C30B58635A54A /* KeychainSigningIdentityProvider.swift in Sources */ = {isa = PBXBuildFile; fileRef = 486735D298C40BAC0194DD53 /* KeychainSigningIdentityProvider.swift */; };
		3BCB655CFB42BCA4FFFD5BA9 /* PageRef.swift in Sources */ = {isa = PBXBuildFile; fileRef = DFA15BBF9F557FE0EC337A2F /* PageRef.swift */; };
		3D0C10B977A2AE66ADF24CCC /* PDFKitProcessingEngineFallback.swift in Sources */ = {isa = PBXBuildFile; fileRef = 6CC309B7D7DEDDE5853EE313 /* PDFKitProcessingEngineFallback.swift */; };
		40EC347DFD49DCD63223B62A /* WorkspaceExportOptions.swift in Sources */ = {isa = PBXBuildFile; fileRef = DC435C45D8189794B85684CF /* WorkspaceExportOptions.swift */; };
		5838305200113D687FA4ECB0 /* CQPDF in Frameworks */ = {isa = PBXBuildFile; productRef = DE48B05A3595CE54644E90CB /* CQPDF */; };
		5BD046C108BD60ED1C4069DB /* PDFium in Frameworks */ = {isa = PBXBuildFile; productRef = EB5BA4B643F6BDD93235739C /* PDFium */; };
		5DA5FB5B29F040FB2CA27BE8 /* PDFTextAnalysisEngine.swift in Sources */ = {isa = PBXBuildFile; fileRef = 83DEEB6D244D33464EBD47AE /* PDFTextAnalysisEngine.swift */; };
		63A494D722D8D19B605A593F /* SelfSignedSigningIdentityProvider.swift in Sources */ = {isa = PBXBuildFile; fileRef = 9328919DD0053E421B744545 /* SelfSignedSigningIdentityProvider.swift */; };
		66892296DC2C39A69B88B6FD /* TimestampASN1.swift in Sources */ = {isa = PBXBuildFile; fileRef = 2DAE0F284E870DE21F26A717 /* TimestampASN1.swift */; };
		6A61AF44CC3973FA2D204CD6 /* Localizable.xcstrings in Resources */ = {isa = PBXBuildFile; fileRef = 19CDDDF856BFA65B068B9DCE /* Localizable.xcstrings */; };
		6C28269FE7106D1C254E4429 /* L10n.swift in Sources */ = {isa = PBXBuildFile; fileRef = 08490E35660F4C1C5936E8F0 /* L10n.swift */; };
		6DA620E8F5AE374C664FCE79 /* InspectorView.swift in Sources */ = {isa = PBXBuildFile; fileRef = 72C6C67061753E76F1A91BCC /* InspectorView.swift */; };
		6F5541B26B2DB975C39AB31B /* PDFTextEditingModels.swift in Sources */ = {isa = PBXBuildFile; fileRef = 25C80ECC46A5DFBE04BEC503 /* PDFTextEditingModels.swift */; };
		7D15A5DADAC698BED688D415 /* PDFSerializer.swift in Sources */ = {isa = PBXBuildFile; fileRef = CF484D9AFAB5E2501794A81D /* PDFSerializer.swift */; };
		8164A5219C9A5E3017CD5FBF /* PasswordPromptView.swift in Sources */ = {isa = PBXBuildFile; fileRef = 12772EF49E3A2300AD720F50 /* PasswordPromptView.swift */; };
		86E7E7493D3BB3421F5A62F8 /* BoundaryPage.swift in Sources */ = {isa = PBXBuildFile; fileRef = E2E6DDC1DD7EADB46FF86B8A /* BoundaryPage.swift */; };
		8C41E25FC9F45F7F5542683A /* PDFium in Frameworks */ = {isa = PBXBuildFile; productRef = DB186812550B10FC10B8C93A /* PDFium */; };
		8CB7A4B563A65998601187E8 /* SignatureAppearanceTests.swift in Sources */ = {isa = PBXBuildFile; fileRef = BEBA427D87007CEE6505CEBE /* SignatureAppearanceTests.swift */; };
		8EE7D4B56AAF05AAAE5427F5 /* MemberDocument.swift in Sources */ = {isa = PBXBuildFile; fileRef = 4C225D168B9A2D445CCCF62B /* MemberDocument.swift */; };
		8F2FCBEA73598F664C9A97FC /* EmptyStateView.swift in Sources */ = {isa = PBXBuildFile; fileRef = A8061257878401A1313CB952 /* EmptyStateView.swift */; };
		BF9BD96D2D676CA816FCC452 /* RecentFilesSection.swift in Sources */ = {isa = PBXBuildFile; fileRef = FCF49865576782C40D36EC30 /* RecentFilesSection.swift */; };
		3C32D5F146EFD0F038559DBA /* RecentsStore.swift in Sources */ = {isa = PBXBuildFile; fileRef = 8D79565B718057C4EF355FEE /* RecentsStore.swift */; };
		A83D6D51E866C67F95AE5A0E /* RecentFileEntry.swift in Sources */ = {isa = PBXBuildFile; fileRef = A1BACD30EB58431D3B7A94C3 /* RecentFileEntry.swift */; };
		17B9FBC9BC8C2AEDC31550EB /* DocumentComfortSettings.swift in Sources */ = {isa = PBXBuildFile; fileRef = AFE7907191FACF14A4CD130E /* DocumentComfortSettings.swift */; };
		1238CD43F41461942522832D /* RecentFileEntryTests.swift in Sources */ = {isa = PBXBuildFile; fileRef = 2483E9FBEE37EA5349738C97 /* RecentFileEntryTests.swift */; };
		A85CDB03B461EC234D48031C /* DocumentComfortSettingsTests.swift in Sources */ = {isa = PBXBuildFile; fileRef = E549642B58CE0AB9AB6A08EC /* DocumentComfortSettingsTests.swift */; };
		9146EA42E43B2E17A6DEF609 /* OrifoldApp.swift in Sources */ = {isa = PBXBuildFile; fileRef = 144E694787595BA401D105FB /* OrifoldApp.swift */; };
		9174DB3E60D4AF80870613B8 /* OrifoldFoldMark.swift in Sources */ = {isa = PBXBuildFile; fileRef = AA0CBE7680829B8425C141AE /* OrifoldFoldMark.swift */; };
		976BF031FB603C521643B987 /* CMSSignatureBuilderTests.swift in Sources */ = {isa = PBXBuildFile; fileRef = EDDD646A0A8A5E95AD82CDBE /* CMSSignatureBuilderTests.swift */; };
		97CF5F7D621F7DB3F3C9BFAA /* SigningContracts.swift in Sources */ = {isa = PBXBuildFile; fileRef = A20EF68BE6710AF6FD4A95CF /* SigningContracts.swift */; };
		9A5A1851AB3768D9443EA3A2 /* CQPDF in Frameworks */ = {isa = PBXBuildFile; productRef = 8A215D0E279B5B42BE971B23 /* CQPDF */; };
		9C13AFBEA8BBE48022EE7458 /* AnnotationIndexEntry.swift in Sources */ = {isa = PBXBuildFile; fileRef = 2069D39A0187FAD569685A2E /* AnnotationIndexEntry.swift */; };
		9DE41BE088CB945335E706EA /* PetBuddy.swift in Sources */ = {isa = PBXBuildFile; fileRef = E857EC112A731E150BE0DAE9 /* PetBuddy.swift */; };
		A17E1AC9A20DFBB537B3ECA4 /* SwiftASN1 in Frameworks */ = {isa = PBXBuildFile; productRef = C0FC659B12381CCDD655FB82 /* SwiftASN1 */; };
		A607BC4C34E4DD14266CA28C /* TOCView.swift in Sources */ = {isa = PBXBuildFile; fileRef = CB697409149B4B455E7F3A13 /* TOCView.swift */; };
		A77F183EBAB8FB1CF707D5C6 /* THIRD-PARTY-NOTICES.md in Resources */ = {isa = PBXBuildFile; fileRef = C3F6DDC78A580569D6958669 /* THIRD-PARTY-NOTICES.md */; };
		A969370346C849228A219F8F /* SourceDocumentPayload.swift in Sources */ = {isa = PBXBuildFile; fileRef = 625E0447CDF60023EEC77F9A /* SourceDocumentPayload.swift */; };
		A9A25D53799B265CDA48868C /* PDFFormSupport.swift in Sources */ = {isa = PBXBuildFile; fileRef = 971AFE8DCD2689187088C6D0 /* PDFFormSupport.swift */; };
		AA23DE5D38181932692FD24F /* PDFSigningTests.swift in Sources */ = {isa = PBXBuildFile; fileRef = C8435C48AB8FDF829FF58120 /* PDFSigningTests.swift */; };
		B2A76472E6ABA99BA4DF1010 /* Crypto in Frameworks */ = {isa = PBXBuildFile; productRef = 92A53F7F32237CC47937AEC5 /* Crypto */; };
		B30D6DFF94944267B50B2BDB /* GuidePopover.swift in Sources */ = {isa = PBXBuildFile; fileRef = 91B6A51AF9512EF792F6179E /* GuidePopover.swift */; };
		B3710DFA3B711F2842004853 /* PDFEngine.swift in Sources */ = {isa = PBXBuildFile; fileRef = DFF9AAAE2A5022128DC9A027 /* PDFEngine.swift */; };
		BB444AF8FAC84CE1106D0268 /* SourceDocumentRoundTripTests.swift in Sources */ = {isa = PBXBuildFile; fileRef = 91002084FF9EDA56ABC62E9B /* SourceDocumentRoundTripTests.swift */; };
		BB8E1BD3E39B76B2ABD3267D /* LanguageSwitcher.swift in Sources */ = {isa = PBXBuildFile; fileRef = 2705D74EEC4B5D5ACC78B688 /* LanguageSwitcher.swift */; };
		BD040E1459C6B05D563A5F5A /* PDFOCRTests.swift in Sources */ = {isa = PBXBuildFile; fileRef = 6C86A44C1039DEDF1D7951D7 /* PDFOCRTests.swift */; };
		C6B0F652B0F0D8DB6000A042 /* AppToolbar.swift in Sources */ = {isa = PBXBuildFile; fileRef = 68C381D941051A14348D28FB /* AppToolbar.swift */; };
		CD623ED774CA006C6916E83B /* QPDFServiceTests.swift in Sources */ = {isa = PBXBuildFile; fileRef = E3B051321CC974DE14719728 /* QPDFServiceTests.swift */; };
		CD6562D8CFC253CBDC3B2EF1 /* OrifoldTests.swift in Sources */ = {isa = PBXBuildFile; fileRef = 1F8068580359DBDD38EB7801 /* OrifoldTests.swift */; };
		CE20252F5493120637310D60 /* SearchView.swift in Sources */ = {isa = PBXBuildFile; fileRef = CE19646B7355EF84BB6495A8 /* SearchView.swift */; };
		D0F73B009A4457FFE3B6F198 /* ReadingCanvas.swift in Sources */ = {isa = PBXBuildFile; fileRef = C846DAA7BCB4A5EB1BB0FC40 /* ReadingCanvas.swift */; };
		D1ADAA83B2FA98D2D57BD8F9 /* AppCommands.swift in Sources */ = {isa = PBXBuildFile; fileRef = 803ECF495EC7AEB6DFEEDA1A /* AppCommands.swift */; };
		D2BC345DD41B4DE903270C89 /* Assets.xcassets in Resources */ = {isa = PBXBuildFile; fileRef = 432BBABC67F08031A55D597E /* Assets.xcassets */; };
		D778AD4350F9CA0B984065C0 /* X509 in Frameworks */ = {isa = PBXBuildFile; productRef = 8B8980E6D4BEF170355C3518 /* X509 */; };
		D87E3C7026F9E2BDE3DBA3E7 /* LocalizationCoverageTests.swift in Sources */ = {isa = PBXBuildFile; fileRef = 4B44F4FC778B68881DBAA6EB /* LocalizationCoverageTests.swift */; };
		D943F1505CCD76116EAC87DB /* PDFProcessingEngine.swift in Sources */ = {isa = PBXBuildFile; fileRef = 2DE5EF0F836F8569C6C4BCB0 /* PDFProcessingEngine.swift */; };
		DFD8026EF708E2CB2302405A /* PKCS12SigningIdentityProvider.swift in Sources */ = {isa = PBXBuildFile; fileRef = 43D1CEC6303AD21D084418BF /* PKCS12SigningIdentityProvider.swift */; };
		E3B2BAEA4759DC872DB0D612 /* StampPalette.swift in Sources */ = {isa = PBXBuildFile; fileRef = 28E0996DA7F00D70B60BEEC5 /* StampPalette.swift */; };
		E6DA97C017DB9BEA2BE12EEE /* WorkspaceViewModel.swift in Sources */ = {isa = PBXBuildFile; fileRef = 51BF8549C9BAE0A40062B2D8 /* WorkspaceViewModel.swift */; };
		E85110B1370137ABE301992C /* TimestampClientTests.swift in Sources */ = {isa = PBXBuildFile; fileRef = 69E82B383C7124F1AE1524A5 /* TimestampClientTests.swift */; };
		E98ADF6159DD07FBA48CE8F9 /* PDFCompressionService.swift in Sources */ = {isa = PBXBuildFile; fileRef = 24A2CF78FE0A6BD083689499 /* PDFCompressionService.swift */; };
		EC3F684CDBD7FE183E5E2B24 /* PDFiumProcessingEngine.swift in Sources */ = {isa = PBXBuildFile; fileRef = B57AE5F8EDF07F4D4E1F5468 /* PDFiumProcessingEngine.swift */; };
		F53F37162272A0A491DB3F36 /* DesignSystem.swift in Sources */ = {isa = PBXBuildFile; fileRef = AC8C606AC354B55ABC3D30CD /* DesignSystem.swift */; };
		F6A9D5153C22A97CAF492F23 /* SigningVerificationHarness.swift in Sources */ = {isa = PBXBuildFile; fileRef = 60A39CA21F89EA9F82D1CD8B /* SigningVerificationHarness.swift */; };
/* End PBXBuildFile section */

/* Begin PBXContainerItemProxy section */
		DC6EB8ECEF1DB2D90D5EECC5 /* PBXContainerItemProxy */ = {
			isa = PBXContainerItemProxy;
			containerPortal = E41D02BB6DD00EDE9C4C8821 /* Project object */;
			proxyType = 1;
			remoteGlobalIDString = 2DFFB9C80B68B9ADB58E9A5F;
			remoteInfo = Orifold;
		};
/* End PBXContainerItemProxy section */

/* Begin PBXFileReference section */
		08490E35660F4C1C5936E8F0 /* L10n.swift */ = {isa = PBXFileReference; lastKnownFileType = sourcecode.swift; path = L10n.swift; sourceTree = "<group>"; };
		0DAA7AC26579ED342CEFD0B6 /* SigningIdentity.swift */ = {isa = PBXFileReference; lastKnownFileType = sourcecode.swift; path = SigningIdentity.swift; sourceTree = "<group>"; };
		12772EF49E3A2300AD720F50 /* PasswordPromptView.swift */ = {isa = PBXFileReference; lastKnownFileType = sourcecode.swift; path = PasswordPromptView.swift; sourceTree = "<group>"; };
		144E694787595BA401D105FB /* OrifoldApp.swift */ = {isa = PBXFileReference; lastKnownFileType = sourcecode.swift; path = OrifoldApp.swift; sourceTree = "<group>"; };
		19CDDDF856BFA65B068B9DCE /* Localizable.xcstrings */ = {isa = PBXFileReference; lastKnownFileType = text.json.xcstrings; path = Localizable.xcstrings; sourceTree = "<group>"; };
		1F8068580359DBDD38EB7801 /* OrifoldTests.swift */ = {isa = PBXFileReference; lastKnownFileType = sourcecode.swift; path = OrifoldTests.swift; sourceTree = "<group>"; };
		2069D39A0187FAD569685A2E /* AnnotationIndexEntry.swift */ = {isa = PBXFileReference; lastKnownFileType = sourcecode.swift; path = AnnotationIndexEntry.swift; sourceTree = "<group>"; };
		24A2CF78FE0A6BD083689499 /* PDFCompressionService.swift */ = {isa = PBXFileReference; lastKnownFileType = sourcecode.swift; path = PDFCompressionService.swift; sourceTree = "<group>"; };
		24E14624F443999D5C6611DB /* SignaturePalette.swift */ = {isa = PBXFileReference; lastKnownFileType = sourcecode.swift; path = SignaturePalette.swift; sourceTree = "<group>"; };
		25C80ECC46A5DFBE04BEC503 /* PDFTextEditingModels.swift */ = {isa = PBXFileReference; lastKnownFileType = sourcecode.swift; path = PDFTextEditingModels.swift; sourceTree = "<group>"; };
		2705D74EEC4B5D5ACC78B688 /* LanguageSwitcher.swift */ = {isa = PBXFileReference; lastKnownFileType = sourcecode.swift; path = LanguageSwitcher.swift; sourceTree = "<group>"; };
		27E5E2F3AEAD36290772F4E7 /* ImportStressTests.swift */ = {isa = PBXFileReference; lastKnownFileType = sourcecode.swift; path = ImportStressTests.swift; sourceTree = "<group>"; };
		28E0996DA7F00D70B60BEEC5 /* StampPalette.swift */ = {isa = PBXFileReference; lastKnownFileType = sourcecode.swift; path = StampPalette.swift; sourceTree = "<group>"; };
		2A250219087DB4A3B3AD3069 /* Workspace.swift */ = {isa = PBXFileReference; lastKnownFileType = sourcecode.swift; path = Workspace.swift; sourceTree = "<group>"; };
		2DAE0F284E870DE21F26A717 /* TimestampASN1.swift */ = {isa = PBXFileReference; lastKnownFileType = sourcecode.swift; path = TimestampASN1.swift; sourceTree = "<group>"; };
		2DE5EF0F836F8569C6C4BCB0 /* PDFProcessingEngine.swift */ = {isa = PBXFileReference; lastKnownFileType = sourcecode.swift; path = PDFProcessingEngine.swift; sourceTree = "<group>"; };
		3527E38E24164D05414652D8 /* PDFDecorationExportBaker.swift */ = {isa = PBXFileReference; lastKnownFileType = sourcecode.swift; path = PDFDecorationExportBaker.swift; sourceTree = "<group>"; };
		3E2230CE280817EFAC54C5F0 /* LanguageManager.swift */ = {isa = PBXFileReference; lastKnownFileType = sourcecode.swift; path = LanguageManager.swift; sourceTree = "<group>"; };
		406CCE16310F6168CFC39DA5 /* ContentView.swift */ = {isa = PBXFileReference; lastKnownFileType = sourcecode.swift; path = ContentView.swift; sourceTree = "<group>"; };
		432BBABC67F08031A55D597E /* Assets.xcassets */ = {isa = PBXFileReference; lastKnownFileType = folder.assetcatalog; path = Assets.xcassets; sourceTree = "<group>"; };
		43D1CEC6303AD21D084418BF /* PKCS12SigningIdentityProvider.swift */ = {isa = PBXFileReference; lastKnownFileType = sourcecode.swift; path = PKCS12SigningIdentityProvider.swift; sourceTree = "<group>"; };
		486735D298C40BAC0194DD53 /* KeychainSigningIdentityProvider.swift */ = {isa = PBXFileReference; lastKnownFileType = sourcecode.swift; path = KeychainSigningIdentityProvider.swift; sourceTree = "<group>"; };
		48BED5F2F3215DF6CED7F113 /* CMSSignatureBuilder.swift */ = {isa = PBXFileReference; lastKnownFileType = sourcecode.swift; path = CMSSignatureBuilder.swift; sourceTree = "<group>"; };
		4B44F4FC778B68881DBAA6EB /* LocalizationCoverageTests.swift */ = {isa = PBXFileReference; lastKnownFileType = sourcecode.swift; path = LocalizationCoverageTests.swift; sourceTree = "<group>"; };
		4C225D168B9A2D445CCCF62B /* MemberDocument.swift */ = {isa = PBXFileReference; lastKnownFileType = sourcecode.swift; path = MemberDocument.swift; sourceTree = "<group>"; };
		4CFDBB592890D67639441932 /* Orifold.app */ = {isa = PBXFileReference; explicitFileType = wrapper.application; includeInIndex = 0; path = Orifold.app; sourceTree = BUILT_PRODUCTS_DIR; };
		51BF8549C9BAE0A40062B2D8 /* WorkspaceViewModel.swift */ = {isa = PBXFileReference; lastKnownFileType = sourcecode.swift; path = WorkspaceViewModel.swift; sourceTree = "<group>"; };
		60A39CA21F89EA9F82D1CD8B /* SigningVerificationHarness.swift */ = {isa = PBXFileReference; lastKnownFileType = sourcecode.swift; path = SigningVerificationHarness.swift; sourceTree = "<group>"; };
		625E0447CDF60023EEC77F9A /* SourceDocumentPayload.swift */ = {isa = PBXFileReference; lastKnownFileType = sourcecode.swift; path = SourceDocumentPayload.swift; sourceTree = "<group>"; };
		68C381D941051A14348D28FB /* AppToolbar.swift */ = {isa = PBXFileReference; lastKnownFileType = sourcecode.swift; path = AppToolbar.swift; sourceTree = "<group>"; };
		69E82B383C7124F1AE1524A5 /* TimestampClientTests.swift */ = {isa = PBXFileReference; lastKnownFileType = sourcecode.swift; path = TimestampClientTests.swift; sourceTree = "<group>"; };
		6C86A44C1039DEDF1D7951D7 /* PDFOCRTests.swift */ = {isa = PBXFileReference; lastKnownFileType = sourcecode.swift; path = PDFOCRTests.swift; sourceTree = "<group>"; };
		6CC309B7D7DEDDE5853EE313 /* PDFKitProcessingEngineFallback.swift */ = {isa = PBXFileReference; lastKnownFileType = sourcecode.swift; path = PDFKitProcessingEngineFallback.swift; sourceTree = "<group>"; };
		6D7C30A678D81085DF87139F /* TimestampClient.swift */ = {isa = PBXFileReference; lastKnownFileType = sourcecode.swift; path = TimestampClient.swift; sourceTree = "<group>"; };
		6DDB67FD16EC13CE58E4E669 /* SidebarView.swift */ = {isa = PBXFileReference; lastKnownFileType = sourcecode.swift; path = SidebarView.swift; sourceTree = "<group>"; };
		71F3FC4014B8C71301928DDB /* PDFEncryptionService.swift */ = {isa = PBXFileReference; lastKnownFileType = sourcecode.swift; path = PDFEncryptionService.swift; sourceTree = "<group>"; };
		72C6C67061753E76F1A91BCC /* InspectorView.swift */ = {isa = PBXFileReference; lastKnownFileType = sourcecode.swift; path = InspectorView.swift; sourceTree = "<group>"; };
		78701DF52499230544402E05 /* SignatureAppearanceRenderer.swift */ = {isa = PBXFileReference; lastKnownFileType = sourcecode.swift; path = SignatureAppearanceRenderer.swift; sourceTree = "<group>"; };
		7B9D52028405B1C18D927704 /* PDFEditedPageRenderer.swift */ = {isa = PBXFileReference; lastKnownFileType = sourcecode.swift; path = PDFEditedPageRenderer.swift; sourceTree = "<group>"; };
		7FF3E42881295082F31B88B4 /* PDFEditingSupport.swift */ = {isa = PBXFileReference; lastKnownFileType = sourcecode.swift; path = PDFEditingSupport.swift; sourceTree = "<group>"; };
		801AEBACE96C2CC17E472E6C /* PDFKitEngine.swift */ = {isa = PBXFileReference; lastKnownFileType = sourcecode.swift; path = PDFKitEngine.swift; sourceTree = "<group>"; };
		803ECF495EC7AEB6DFEEDA1A /* AppCommands.swift */ = {isa = PBXFileReference; lastKnownFileType = sourcecode.swift; path = AppCommands.swift; sourceTree = "<group>"; };
		8225EBA056A88D15C874C2C2 /* PetSpecies.swift */ = {isa = PBXFileReference; lastKnownFileType = sourcecode.swift; path = PetSpecies.swift; sourceTree = "<group>"; };
		83DEEB6D244D33464EBD47AE /* PDFTextAnalysisEngine.swift */ = {isa = PBXFileReference; lastKnownFileType = sourcecode.swift; path = PDFTextAnalysisEngine.swift; sourceTree = "<group>"; };
		84B38C10463BCC9DFC571C72 /* PageDecoration.swift */ = {isa = PBXFileReference; lastKnownFileType = sourcecode.swift; path = PageDecoration.swift; sourceTree = "<group>"; };
		91002084FF9EDA56ABC62E9B /* SourceDocumentRoundTripTests.swift */ = {isa = PBXFileReference; lastKnownFileType = sourcecode.swift; path = SourceDocumentRoundTripTests.swift; sourceTree = "<group>"; };
		91B6A51AF9512EF792F6179E /* GuidePopover.swift */ = {isa = PBXFileReference; lastKnownFileType = sourcecode.swift; path = GuidePopover.swift; sourceTree = "<group>"; };
		9328919DD0053E421B744545 /* SelfSignedSigningIdentityProvider.swift */ = {isa = PBXFileReference; lastKnownFileType = sourcecode.swift; path = SelfSignedSigningIdentityProvider.swift; sourceTree = "<group>"; };
		971AFE8DCD2689187088C6D0 /* PDFFormSupport.swift */ = {isa = PBXFileReference; lastKnownFileType = sourcecode.swift; path = PDFFormSupport.swift; sourceTree = "<group>"; };
		A01520718EB436E572E545CF /* OrifoldTests.xctest */ = {isa = PBXFileReference; explicitFileType = wrapper.cfbundle; includeInIndex = 0; path = OrifoldTests.xctest; sourceTree = BUILT_PRODUCTS_DIR; };
		A1630ADA15CA4A37E0B67AF9 /* QPDFService.swift */ = {isa = PBXFileReference; lastKnownFileType = sourcecode.swift; path = QPDFService.swift; sourceTree = "<group>"; };
		A1FC2225FCFCA3E73214C891 /* WorkspaceDocument.swift */ = {isa = PBXFileReference; lastKnownFileType = sourcecode.swift; path = WorkspaceDocument.swift; sourceTree = "<group>"; };
		A20EF68BE6710AF6FD4A95CF /* SigningContracts.swift */ = {isa = PBXFileReference; lastKnownFileType = sourcecode.swift; path = SigningContracts.swift; sourceTree = "<group>"; };
		A34D99502EC3CFC93DC21510 /* CERTIFICATE_GUIDE.md */ = {isa = PBXFileReference; lastKnownFileType = net.daringfireball.markdown; path = CERTIFICATE_GUIDE.md; sourceTree = "<group>"; };
		A3F50610C13BB183FB3804EE /* QPDFBinary */ = {isa = PBXFileReference; lastKnownFileType = folder; name = QPDFBinary; path = Packages/QPDFBinary; sourceTree = SOURCE_ROOT; };
		A8061257878401A1313CB952 /* EmptyStateView.swift */ = {isa = PBXFileReference; lastKnownFileType = sourcecode.swift; path = EmptyStateView.swift; sourceTree = "<group>"; };
		AA0CBE7680829B8425C141AE /* OrifoldFoldMark.swift */ = {isa = PBXFileReference; lastKnownFileType = sourcecode.swift; path = OrifoldFoldMark.swift; sourceTree = "<group>"; };
		AC8C606AC354B55ABC3D30CD /* DesignSystem.swift */ = {isa = PBXFileReference; lastKnownFileType = sourcecode.swift; path = DesignSystem.swift; sourceTree = "<group>"; };
		B57AE5F8EDF07F4D4E1F5468 /* PDFiumProcessingEngine.swift */ = {isa = PBXFileReference; lastKnownFileType = sourcecode.swift; path = PDFiumProcessingEngine.swift; sourceTree = "<group>"; };
		B6A1DF7ADC1F0D073C74CFA4 /* PDFOCRService.swift */ = {isa = PBXFileReference; lastKnownFileType = sourcecode.swift; path = PDFOCRService.swift; sourceTree = "<group>"; };
		BD11EF37876D3A5278720AF5 /* Orifold.entitlements */ = {isa = PBXFileReference; lastKnownFileType = text.plist.entitlements; path = Orifold.entitlements; sourceTree = "<group>"; };
		BD33A1BAB98901EEF83D3F01 /* PDFiumBinary */ = {isa = PBXFileReference; lastKnownFileType = folder; name = PDFiumBinary; path = Packages/PDFiumBinary; sourceTree = SOURCE_ROOT; };
		BEBA427D87007CEE6505CEBE /* SignatureAppearanceTests.swift */ = {isa = PBXFileReference; lastKnownFileType = sourcecode.swift; path = SignatureAppearanceTests.swift; sourceTree = "<group>"; };
		C3F6DDC78A580569D6958669 /* THIRD-PARTY-NOTICES.md */ = {isa = PBXFileReference; lastKnownFileType = net.daringfireball.markdown; path = "THIRD-PARTY-NOTICES.md"; sourceTree = "<group>"; };
		C8435C48AB8FDF829FF58120 /* PDFSigningTests.swift */ = {isa = PBXFileReference; lastKnownFileType = sourcecode.swift; path = PDFSigningTests.swift; sourceTree = "<group>"; };
		C846DAA7BCB4A5EB1BB0FC40 /* ReadingCanvas.swift */ = {isa = PBXFileReference; lastKnownFileType = sourcecode.swift; path = ReadingCanvas.swift; sourceTree = "<group>"; };
		CB697409149B4B455E7F3A13 /* TOCView.swift */ = {isa = PBXFileReference; lastKnownFileType = sourcecode.swift; path = TOCView.swift; sourceTree = "<group>"; };
		CE19646B7355EF84BB6495A8 /* SearchView.swift */ = {isa = PBXFileReference; lastKnownFileType = sourcecode.swift; path = SearchView.swift; sourceTree = "<group>"; };
		CF484D9AFAB5E2501794A81D /* PDFSerializer.swift */ = {isa = PBXFileReference; lastKnownFileType = sourcecode.swift; path = PDFSerializer.swift; sourceTree = "<group>"; };
		DC435C45D8189794B85684CF /* WorkspaceExportOptions.swift */ = {isa = PBXFileReference; lastKnownFileType = sourcecode.swift; path = WorkspaceExportOptions.swift; sourceTree = "<group>"; };
		DD5B1F4B0BEA4FE05A099BDD /* SignaturePlacement.swift */ = {isa = PBXFileReference; lastKnownFileType = sourcecode.swift; path = SignaturePlacement.swift; sourceTree = "<group>"; };
		DFA15BBF9F557FE0EC337A2F /* PageRef.swift */ = {isa = PBXFileReference; lastKnownFileType = sourcecode.swift; path = PageRef.swift; sourceTree = "<group>"; };
		DFF9AAAE2A5022128DC9A027 /* PDFEngine.swift */ = {isa = PBXFileReference; lastKnownFileType = sourcecode.swift; path = PDFEngine.swift; sourceTree = "<group>"; };
		E2E6DDC1DD7EADB46FF86B8A /* BoundaryPage.swift */ = {isa = PBXFileReference; lastKnownFileType = sourcecode.swift; path = BoundaryPage.swift; sourceTree = "<group>"; };
		E3B051321CC974DE14719728 /* QPDFServiceTests.swift */ = {isa = PBXFileReference; lastKnownFileType = sourcecode.swift; path = QPDFServiceTests.swift; sourceTree = "<group>"; };
		E857EC112A731E150BE0DAE9 /* PetBuddy.swift */ = {isa = PBXFileReference; lastKnownFileType = sourcecode.swift; path = PetBuddy.swift; sourceTree = "<group>"; };
		FCF49865576782C40D36EC30 /* RecentFilesSection.swift */ = {isa = PBXFileReference; lastKnownFileType = sourcecode.swift; path = RecentFilesSection.swift; sourceTree = "<group>"; };
		8D79565B718057C4EF355FEE /* RecentsStore.swift */ = {isa = PBXFileReference; lastKnownFileType = sourcecode.swift; path = RecentsStore.swift; sourceTree = "<group>"; };
		A1BACD30EB58431D3B7A94C3 /* RecentFileEntry.swift */ = {isa = PBXFileReference; lastKnownFileType = sourcecode.swift; path = RecentFileEntry.swift; sourceTree = "<group>"; };
		AFE7907191FACF14A4CD130E /* DocumentComfortSettings.swift */ = {isa = PBXFileReference; lastKnownFileType = sourcecode.swift; path = DocumentComfortSettings.swift; sourceTree = "<group>"; };
		2483E9FBEE37EA5349738C97 /* RecentFileEntryTests.swift */ = {isa = PBXFileReference; lastKnownFileType = sourcecode.swift; path = RecentFileEntryTests.swift; sourceTree = "<group>"; };
		E549642B58CE0AB9AB6A08EC /* DocumentComfortSettingsTests.swift */ = {isa = PBXFileReference; lastKnownFileType = sourcecode.swift; path = DocumentComfortSettingsTests.swift; sourceTree = "<group>"; };
		EDDD646A0A8A5E95AD82CDBE /* CMSSignatureBuilderTests.swift */ = {isa = PBXFileReference; lastKnownFileType = sourcecode.swift; path = CMSSignatureBuilderTests.swift; sourceTree = "<group>"; };
/* End PBXFileReference section */

/* Begin PBXFrameworksBuildPhase section */
		5388412DD0A1A8777CE67507 /* Frameworks */ = {
			isa = PBXFrameworksBuildPhase;
			buildActionMask = 2147483647;
			files = (
				8C41E25FC9F45F7F5542683A /* PDFium in Frameworks */,
				9A5A1851AB3768D9443EA3A2 /* CQPDF in Frameworks */,
			);
			runOnlyForDeploymentPostprocessing = 0;
		};
		592544DDA1E2DFCAC360E858 /* Frameworks */ = {
			isa = PBXFrameworksBuildPhase;
			buildActionMask = 2147483647;
			files = (
				5BD046C108BD60ED1C4069DB /* PDFium in Frameworks */,
				5838305200113D687FA4ECB0 /* CQPDF in Frameworks */,
				B2A76472E6ABA99BA4DF1010 /* Crypto in Frameworks */,
				A17E1AC9A20DFBB537B3ECA4 /* SwiftASN1 in Frameworks */,
				D778AD4350F9CA0B984065C0 /* X509 in Frameworks */,
			);
			runOnlyForDeploymentPostprocessing = 0;
		};
/* End PBXFrameworksBuildPhase section */

/* Begin PBXGroup section */
		18A8BC6883E0BC027C1D80C4 /* CMS */ = {
			isa = PBXGroup;
			children = (
				48BED5F2F3215DF6CED7F113 /* CMSSignatureBuilder.swift */,
			);
			path = CMS;
			sourceTree = "<group>";
		};
		1DF63EC85ABACDD0689E0AA3 /* ViewModels */ = {
			isa = PBXGroup;
			children = (
				51BF8549C9BAE0A40062B2D8 /* WorkspaceViewModel.swift */,
			);
			path = ViewModels;
			sourceTree = "<group>";
		};
		385A250657F8835D089211DA /* Timestamp */ = {
			isa = PBXGroup;
			children = (
				2DAE0F284E870DE21F26A717 /* TimestampASN1.swift */,
				6D7C30A678D81085DF87139F /* TimestampClient.swift */,
			);
			path = Timestamp;
			sourceTree = "<group>";
		};
		4403E8364BA31F9B10C4E8C4 /* Orifold */ = {
			isa = PBXGroup;
			children = (
				F42DFE44AA86563DA16A871C /* App */,
				C581A2B98AC9E4A1220D1AB7 /* DesignSystem */,
				45C2A5AC246B2B0ECDB813B5 /* Document */,
				D4CDE98B65FA2CA78C2ADD19 /* Engine */,
				FFD36CD6B6C28ABF2EE9168C /* Models */,
				73AE6F67A9EB1088A435DF49 /* Pet */,
				C9A1D3998A8C11E565E01C68 /* Resources */,
				8245DD69BEB6754930F30C51 /* Signing */,
				1DF63EC85ABACDD0689E0AA3 /* ViewModels */,
				C8C57D714BD6DE286C547250 /* Views */,
			);
			path = Orifold;
			sourceTree = "<group>";
		};
		45C2A5AC246B2B0ECDB813B5 /* Document */ = {
			isa = PBXGroup;
			children = (
				A1FC2225FCFCA3E73214C891 /* WorkspaceDocument.swift */,
			);
			path = Document;
			sourceTree = "<group>";
		};
		690BF9DF572E4906B336055B = {
			isa = PBXGroup;
			children = (
				4403E8364BA31F9B10C4E8C4 /* Orifold */,
				FBCE920BF41F1CA78CBD4858 /* OrifoldTests */,
				CB0E9C80E1831023D247C074 /* Packages */,
				B3F380AE73A600808641C3BC /* Products */,
			);
			sourceTree = "<group>";
		};
		73AE6F67A9EB1088A435DF49 /* Pet */ = {
			isa = PBXGroup;
			children = (
				E857EC112A731E150BE0DAE9 /* PetBuddy.swift */,
				8225EBA056A88D15C874C2C2 /* PetSpecies.swift */,
			);
			path = Pet;
			sourceTree = "<group>";
		};
		8245DD69BEB6754930F30C51 /* Signing */ = {
			isa = PBXGroup;
			children = (
				A20EF68BE6710AF6FD4A95CF /* SigningContracts.swift */,
				FFFA3F84E9C8500F418F6A59 /* Appearance */,
				18A8BC6883E0BC027C1D80C4 /* CMS */,
				DBB913D1711644BE97849858 /* Identity */,
				385A250657F8835D089211DA /* Timestamp */,
			);
			path = Signing;
			sourceTree = "<group>";
		};
		B3F380AE73A600808641C3BC /* Products */ = {
			isa = PBXGroup;
			children = (
				4CFDBB592890D67639441932 /* Orifold.app */,
				A01520718EB436E572E545CF /* OrifoldTests.xctest */,
			);
			name = Products;
			sourceTree = "<group>";
		};
		C581A2B98AC9E4A1220D1AB7 /* DesignSystem */ = {
			isa = PBXGroup;
			children = (
				AC8C606AC354B55ABC3D30CD /* DesignSystem.swift */,
			);
			path = DesignSystem;
			sourceTree = "<group>";
		};
		C8C57D714BD6DE286C547250 /* Views */ = {
			isa = PBXGroup;
			children = (
				68C381D941051A14348D28FB /* AppToolbar.swift */,
				406CCE16310F6168CFC39DA5 /* ContentView.swift */,
				A8061257878401A1313CB952 /* EmptyStateView.swift */,
				91B6A51AF9512EF792F6179E /* GuidePopover.swift */,
				72C6C67061753E76F1A91BCC /* InspectorView.swift */,
				2705D74EEC4B5D5ACC78B688 /* LanguageSwitcher.swift */,
				AA0CBE7680829B8425C141AE /* OrifoldFoldMark.swift */,
				12772EF49E3A2300AD720F50 /* PasswordPromptView.swift */,
				FCF49865576782C40D36EC30 /* RecentFilesSection.swift */,
				C846DAA7BCB4A5EB1BB0FC40 /* ReadingCanvas.swift */,
				CE19646B7355EF84BB6495A8 /* SearchView.swift */,
				6DDB67FD16EC13CE58E4E669 /* SidebarView.swift */,
				24E14624F443999D5C6611DB /* SignaturePalette.swift */,
				28E0996DA7F00D70B60BEEC5 /* StampPalette.swift */,
				CB697409149B4B455E7F3A13 /* TOCView.swift */,
			);
			path = Views;
			sourceTree = "<group>";
		};
		C9A1D3998A8C11E565E01C68 /* Resources */ = {
			isa = PBXGroup;
			children = (
				432BBABC67F08031A55D597E /* Assets.xcassets */,
				A34D99502EC3CFC93DC21510 /* CERTIFICATE_GUIDE.md */,
				19CDDDF856BFA65B068B9DCE /* Localizable.xcstrings */,
				BD11EF37876D3A5278720AF5 /* Orifold.entitlements */,
				C3F6DDC78A580569D6958669 /* THIRD-PARTY-NOTICES.md */,
			);
			path = Resources;
			sourceTree = "<group>";
		};
		CB0E9C80E1831023D247C074 /* Packages */ = {
			isa = PBXGroup;
			children = (
				BD33A1BAB98901EEF83D3F01 /* PDFiumBinary */,
				A3F50610C13BB183FB3804EE /* QPDFBinary */,
			);
			path = Packages;
			sourceTree = "<group>";
		};
		D4CDE98B65FA2CA78C2ADD19 /* Engine */ = {
			isa = PBXGroup;
			children = (
				E2E6DDC1DD7EADB46FF86B8A /* BoundaryPage.swift */,
				24A2CF78FE0A6BD083689499 /* PDFCompressionService.swift */,
				3527E38E24164D05414652D8 /* PDFDecorationExportBaker.swift */,
				7B9D52028405B1C18D927704 /* PDFEditedPageRenderer.swift */,
				7FF3E42881295082F31B88B4 /* PDFEditingSupport.swift */,
				71F3FC4014B8C71301928DDB /* PDFEncryptionService.swift */,
				DFF9AAAE2A5022128DC9A027 /* PDFEngine.swift */,
				971AFE8DCD2689187088C6D0 /* PDFFormSupport.swift */,
				B57AE5F8EDF07F4D4E1F5468 /* PDFiumProcessingEngine.swift */,
				801AEBACE96C2CC17E472E6C /* PDFKitEngine.swift */,
				6CC309B7D7DEDDE5853EE313 /* PDFKitProcessingEngineFallback.swift */,
				B6A1DF7ADC1F0D073C74CFA4 /* PDFOCRService.swift */,
				2DE5EF0F836F8569C6C4BCB0 /* PDFProcessingEngine.swift */,
				CF484D9AFAB5E2501794A81D /* PDFSerializer.swift */,
				83DEEB6D244D33464EBD47AE /* PDFTextAnalysisEngine.swift */,
				A1630ADA15CA4A37E0B67AF9 /* QPDFService.swift */,
				8D79565B718057C4EF355FEE /* RecentsStore.swift */,
			);
			path = Engine;
			sourceTree = "<group>";
		};
		DBB913D1711644BE97849858 /* Identity */ = {
			isa = PBXGroup;
			children = (
				486735D298C40BAC0194DD53 /* KeychainSigningIdentityProvider.swift */,
				43D1CEC6303AD21D084418BF /* PKCS12SigningIdentityProvider.swift */,
				9328919DD0053E421B744545 /* SelfSignedSigningIdentityProvider.swift */,
				0DAA7AC26579ED342CEFD0B6 /* SigningIdentity.swift */,
			);
			path = Identity;
			sourceTree = "<group>";
		};
		F42DFE44AA86563DA16A871C /* App */ = {
			isa = PBXGroup;
			children = (
				803ECF495EC7AEB6DFEEDA1A /* AppCommands.swift */,
				08490E35660F4C1C5936E8F0 /* L10n.swift */,
				3E2230CE280817EFAC54C5F0 /* LanguageManager.swift */,
				144E694787595BA401D105FB /* OrifoldApp.swift */,
			);
			path = App;
			sourceTree = "<group>";
		};
		FBCE920BF41F1CA78CBD4858 /* OrifoldTests */ = {
			isa = PBXGroup;
			children = (
				EDDD646A0A8A5E95AD82CDBE /* CMSSignatureBuilderTests.swift */,
				27E5E2F3AEAD36290772F4E7 /* ImportStressTests.swift */,
				4B44F4FC778B68881DBAA6EB /* LocalizationCoverageTests.swift */,
				1F8068580359DBDD38EB7801 /* OrifoldTests.swift */,
				6C86A44C1039DEDF1D7951D7 /* PDFOCRTests.swift */,
				C8435C48AB8FDF829FF58120 /* PDFSigningTests.swift */,
				E3B051321CC974DE14719728 /* QPDFServiceTests.swift */,
				E549642B58CE0AB9AB6A08EC /* DocumentComfortSettingsTests.swift */,
				2483E9FBEE37EA5349738C97 /* RecentFileEntryTests.swift */,
				BEBA427D87007CEE6505CEBE /* SignatureAppearanceTests.swift */,
				60A39CA21F89EA9F82D1CD8B /* SigningVerificationHarness.swift */,
				91002084FF9EDA56ABC62E9B /* SourceDocumentRoundTripTests.swift */,
				69E82B383C7124F1AE1524A5 /* TimestampClientTests.swift */,
			);
			name = OrifoldTests;
			path = Tests/OrifoldTests;
			sourceTree = "<group>";
		};
		FFD36CD6B6C28ABF2EE9168C /* Models */ = {
			isa = PBXGroup;
			children = (
				2069D39A0187FAD569685A2E /* AnnotationIndexEntry.swift */,
				4C225D168B9A2D445CCCF62B /* MemberDocument.swift */,
				84B38C10463BCC9DFC571C72 /* PageDecoration.swift */,
				DFA15BBF9F557FE0EC337A2F /* PageRef.swift */,
				25C80ECC46A5DFBE04BEC503 /* PDFTextEditingModels.swift */,
				AFE7907191FACF14A4CD130E /* DocumentComfortSettings.swift */,
				A1BACD30EB58431D3B7A94C3 /* RecentFileEntry.swift */,
				DD5B1F4B0BEA4FE05A099BDD /* SignaturePlacement.swift */,
				625E0447CDF60023EEC77F9A /* SourceDocumentPayload.swift */,
				2A250219087DB4A3B3AD3069 /* Workspace.swift */,
				DC435C45D8189794B85684CF /* WorkspaceExportOptions.swift */,
			);
			path = Models;
			sourceTree = "<group>";
		};
		FFFA3F84E9C8500F418F6A59 /* Appearance */ = {
			isa = PBXGroup;
			children = (
				78701DF52499230544402E05 /* SignatureAppearanceRenderer.swift */,
			);
			path = Appearance;
			sourceTree = "<group>";
		};
/* End PBXGroup section */

/* Begin PBXNativeTarget section */
		2DFFB9C80B68B9ADB58E9A5F /* Orifold */ = {
			isa = PBXNativeTarget;
			buildConfigurationList = D1AC6A26447C622275DF6A21 /* Build configuration list for PBXNativeTarget "Orifold" */;
			buildPhases = (
				BAE7C1A2DA7876FFAD2F45F4 /* Sources */,
				D4D064FF1AF3052F7B593446 /* Resources */,
				592544DDA1E2DFCAC360E858 /* Frameworks */,
			);
			buildRules = (
			);
			dependencies = (
			);
			name = Orifold;
			packageProductDependencies = (
				EB5BA4B643F6BDD93235739C /* PDFium */,
				DE48B05A3595CE54644E90CB /* CQPDF */,
				92A53F7F32237CC47937AEC5 /* Crypto */,
				C0FC659B12381CCDD655FB82 /* SwiftASN1 */,
				8B8980E6D4BEF170355C3518 /* X509 */,
			);
			productName = Orifold;
			productReference = 4CFDBB592890D67639441932 /* Orifold.app */;
			productType = "com.apple.product-type.application";
		};
		7BA31454169E15BAA32658F9 /* OrifoldTests */ = {
			isa = PBXNativeTarget;
			buildConfigurationList = 7879AB292201AD048D05BCF8 /* Build configuration list for PBXNativeTarget "OrifoldTests" */;
			buildPhases = (
				3107B680FE1EB78D98928A56 /* Sources */,
				5388412DD0A1A8777CE67507 /* Frameworks */,
			);
			buildRules = (
			);
			dependencies = (
				FFEEB8184835867D919FCD83 /* PBXTargetDependency */,
			);
			name = OrifoldTests;
			packageProductDependencies = (
				DB186812550B10FC10B8C93A /* PDFium */,
				8A215D0E279B5B42BE971B23 /* CQPDF */,
			);
			productName = OrifoldTests;
			productReference = A01520718EB436E572E545CF /* OrifoldTests.xctest */;
			productType = "com.apple.product-type.bundle.unit-test";
		};
/* End PBXNativeTarget section */

/* Begin PBXProject section */
		E41D02BB6DD00EDE9C4C8821 /* Project object */ = {
			isa = PBXProject;
			attributes = {
				BuildIndependentTargetsInParallel = YES;
				LastUpgradeCheck = 1500;
				TargetAttributes = {
					2DFFB9C80B68B9ADB58E9A5F = {
						DevelopmentTeam = "";
						ProvisioningStyle = Automatic;
					};
					7BA31454169E15BAA32658F9 = {
						DevelopmentTeam = "";
						ProvisioningStyle = Automatic;
					};
				};
			};
			buildConfigurationList = AEF77A2AE6BF380BEAC1DC30 /* Build configuration list for PBXProject "Orifold" */;
			developmentRegion = en;
			hasScannedForEncodings = 0;
			knownRegions = (
				Base,
				en,
				es,
				fr,
				hi,
				ja,
				"zh-Hans",
			);
			mainGroup = 690BF9DF572E4906B336055B;
			minimizedProjectReferenceProxies = 1;
			packageReferences = (
				C0246552F5175909D3BC31D9 /* XCRemoteSwiftPackageReference "swift-asn1" */,
				6C37C8DD4FD9E2D5BFECA17F /* XCRemoteSwiftPackageReference "swift-certificates" */,
				28EA000146EAA2552AF931DF /* XCRemoteSwiftPackageReference "swift-crypto" */,
				957187E9A66A158831415BB6 /* XCLocalSwiftPackageReference "Packages/PDFiumBinary" */,
				6BCC6286A021DE3369213BFA /* XCLocalSwiftPackageReference "Packages/QPDFBinary" */,
			);
			preferredProjectObjectVersion = 77;
			productRefGroup = B3F380AE73A600808641C3BC /* Products */;
			projectDirPath = "";
			projectRoot = "";
			targets = (
				2DFFB9C80B68B9ADB58E9A5F /* Orifold */,
				7BA31454169E15BAA32658F9 /* OrifoldTests */,
			);
		};
/* End PBXProject section */

/* Begin PBXResourcesBuildPhase section */
		D4D064FF1AF3052F7B593446 /* Resources */ = {
			isa = PBXResourcesBuildPhase;
			buildActionMask = 2147483647;
			files = (
				D2BC345DD41B4DE903270C89 /* Assets.xcassets in Resources */,
				09FA6965427CF4477DEEBA10 /* CERTIFICATE_GUIDE.md in Resources */,
				6A61AF44CC3973FA2D204CD6 /* Localizable.xcstrings in Resources */,
				A77F183EBAB8FB1CF707D5C6 /* THIRD-PARTY-NOTICES.md in Resources */,
			);
			runOnlyForDeploymentPostprocessing = 0;
		};
/* End PBXResourcesBuildPhase section */

/* Begin PBXSourcesBuildPhase section */
		3107B680FE1EB78D98928A56 /* Sources */ = {
			isa = PBXSourcesBuildPhase;
			buildActionMask = 2147483647;
			files = (
				976BF031FB603C521643B987 /* CMSSignatureBuilderTests.swift in Sources */,
				3649F47473DBE15AF94B6806 /* ImportStressTests.swift in Sources */,
				D87E3C7026F9E2BDE3DBA3E7 /* LocalizationCoverageTests.swift in Sources */,
				CD6562D8CFC253CBDC3B2EF1 /* OrifoldTests.swift in Sources */,
				BD040E1459C6B05D563A5F5A /* PDFOCRTests.swift in Sources */,
				AA23DE5D38181932692FD24F /* PDFSigningTests.swift in Sources */,
				CD623ED774CA006C6916E83B /* QPDFServiceTests.swift in Sources */,
				A85CDB03B461EC234D48031C /* DocumentComfortSettingsTests.swift in Sources */,
				1238CD43F41461942522832D /* RecentFileEntryTests.swift in Sources */,
				8CB7A4B563A65998601187E8 /* SignatureAppearanceTests.swift in Sources */,
				F6A9D5153C22A97CAF492F23 /* SigningVerificationHarness.swift in Sources */,
				BB444AF8FAC84CE1106D0268 /* SourceDocumentRoundTripTests.swift in Sources */,
				E85110B1370137ABE301992C /* TimestampClientTests.swift in Sources */,
			);
			runOnlyForDeploymentPostprocessing = 0;
		};
		BAE7C1A2DA7876FFAD2F45F4 /* Sources */ = {
			isa = PBXSourcesBuildPhase;
			buildActionMask = 2147483647;
			files = (
				9C13AFBEA8BBE48022EE7458 /* AnnotationIndexEntry.swift in Sources */,
				D1ADAA83B2FA98D2D57BD8F9 /* AppCommands.swift in Sources */,
				C6B0F652B0F0D8DB6000A042 /* AppToolbar.swift in Sources */,
				86E7E7493D3BB3421F5A62F8 /* BoundaryPage.swift in Sources */,
				28440F9F9E8DB684B44F2671 /* CMSSignatureBuilder.swift in Sources */,
				2B08E94DC79625C0799E194A /* ContentView.swift in Sources */,
				F53F37162272A0A491DB3F36 /* DesignSystem.swift in Sources */,
				8F2FCBEA73598F664C9A97FC /* EmptyStateView.swift in Sources */,
				B30D6DFF94944267B50B2BDB /* GuidePopover.swift in Sources */,
				6DA620E8F5AE374C664FCE79 /* InspectorView.swift in Sources */,
				388D456EF42C30B58635A54A /* KeychainSigningIdentityProvider.swift in Sources */,
				6C28269FE7106D1C254E4429 /* L10n.swift in Sources */,
				0055EC1C209B2139C0E1AB84 /* LanguageManager.swift in Sources */,
				BB8E1BD3E39B76B2ABD3267D /* LanguageSwitcher.swift in Sources */,
				8EE7D4B56AAF05AAAE5427F5 /* MemberDocument.swift in Sources */,
				9146EA42E43B2E17A6DEF609 /* OrifoldApp.swift in Sources */,
				9174DB3E60D4AF80870613B8 /* OrifoldFoldMark.swift in Sources */,
				E98ADF6159DD07FBA48CE8F9 /* PDFCompressionService.swift in Sources */,
				1FFC571FC718FEE12806F078 /* PDFDecorationExportBaker.swift in Sources */,
				36F504D0762305CE8AA88F83 /* PDFEditedPageRenderer.swift in Sources */,
				293F84DB95092DC43E6F0385 /* PDFEditingSupport.swift in Sources */,
				2C2C8C33267F2709E35363AC /* PDFEncryptionService.swift in Sources */,
				B3710DFA3B711F2842004853 /* PDFEngine.swift in Sources */,
				A9A25D53799B265CDA48868C /* PDFFormSupport.swift in Sources */,
				37F8765B509417F645E527D9 /* PDFKitEngine.swift in Sources */,
				3D0C10B977A2AE66ADF24CCC /* PDFKitProcessingEngineFallback.swift in Sources */,
				273310693A2ABF0B0D8B3180 /* PDFOCRService.swift in Sources */,
				D943F1505CCD76116EAC87DB /* PDFProcessingEngine.swift in Sources */,
				7D15A5DADAC698BED688D415 /* PDFSerializer.swift in Sources */,
				5DA5FB5B29F040FB2CA27BE8 /* PDFTextAnalysisEngine.swift in Sources */,
				6F5541B26B2DB975C39AB31B /* PDFTextEditingModels.swift in Sources */,
				EC3F684CDBD7FE183E5E2B24 /* PDFiumProcessingEngine.swift in Sources */,
				DFD8026EF708E2CB2302405A /* PKCS12SigningIdentityProvider.swift in Sources */,
				09C3677315AAFC32C349CE91 /* PageDecoration.swift in Sources */,
				3BCB655CFB42BCA4FFFD5BA9 /* PageRef.swift in Sources */,
				8164A5219C9A5E3017CD5FBF /* PasswordPromptView.swift in Sources */,
				9DE41BE088CB945335E706EA /* PetBuddy.swift in Sources */,
				17B9FBC9BC8C2AEDC31550EB /* DocumentComfortSettings.swift in Sources */,
				A83D6D51E866C67F95AE5A0E /* RecentFileEntry.swift in Sources */,
				1E4A9284AD104A54F9AF2876 /* PetSpecies.swift in Sources */,
				17F9BF4A253DF40D4E624B40 /* QPDFService.swift in Sources */,
				BF9BD96D2D676CA816FCC452 /* RecentFilesSection.swift in Sources */,
				3C32D5F146EFD0F038559DBA /* RecentsStore.swift in Sources */,
				D0F73B009A4457FFE3B6F198 /* ReadingCanvas.swift in Sources */,
				CE20252F5493120637310D60 /* SearchView.swift in Sources */,
				63A494D722D8D19B605A593F /* SelfSignedSigningIdentityProvider.swift in Sources */,
				1AF37B8DE1DEAA1A0E738B8C /* SidebarView.swift in Sources */,
				253CA8DFA5B4B0AA2E3090C7 /* SignatureAppearanceRenderer.swift in Sources */,
				287F5260E81B22723FB1B257 /* SignaturePalette.swift in Sources */,
				030AF3A4C6C48A926CF12453 /* SignaturePlacement.swift in Sources */,
				97CF5F7D621F7DB3F3C9BFAA /* SigningContracts.swift in Sources */,
				07562B6F11E7942BAE8061BD /* SigningIdentity.swift in Sources */,
				A969370346C849228A219F8F /* SourceDocumentPayload.swift in Sources */,
				E3B2BAEA4759DC872DB0D612 /* StampPalette.swift in Sources */,
				A607BC4C34E4DD14266CA28C /* TOCView.swift in Sources */,
				66892296DC2C39A69B88B6FD /* TimestampASN1.swift in Sources */,
				105B95708F8372BCF238DCE3 /* TimestampClient.swift in Sources */,
				2760D03B3C022DCC34F7A46F /* Workspace.swift in Sources */,
				0334D9327A2C41A09E10BEDB /* WorkspaceDocument.swift in Sources */,
				40EC347DFD49DCD63223B62A /* WorkspaceExportOptions.swift in Sources */,
				E6DA97C017DB9BEA2BE12EEE /* WorkspaceViewModel.swift in Sources */,
			);
			runOnlyForDeploymentPostprocessing = 0;
		};
/* End PBXSourcesBuildPhase section */

/* Begin PBXTargetDependency section */
		FFEEB8184835867D919FCD83 /* PBXTargetDependency */ = {
			isa = PBXTargetDependency;
			target = 2DFFB9C80B68B9ADB58E9A5F /* Orifold */;
			targetProxy = DC6EB8ECEF1DB2D90D5EECC5 /* PBXContainerItemProxy */;
		};
/* End PBXTargetDependency section */

/* Begin XCBuildConfiguration section */
		2A856FA611ACD588C3D118A0 /* Debug */ = {
			isa = XCBuildConfiguration;
			buildSettings = {
				ASSETCATALOG_COMPILER_APPICON_NAME = AppIcon;
				ASSETCATALOG_COMPILER_GLOBAL_ACCENT_COLOR_NAME = AccentColor;
				CODE_SIGN_ENTITLEMENTS = Orifold/Resources/Orifold.entitlements;
				COMBINE_HIDPI_IMAGES = YES;
				ENABLE_PREVIEWS = YES;
				INFOPLIST_FILE = Orifold/Resources/Info.plist;
				LD_RUNPATH_SEARCH_PATHS = "@executable_path/../Frameworks";
				MACOSX_DEPLOYMENT_TARGET = 14.0;
				OTHER_LDFLAGS = (
					"-lc++",
					"-lz",
				);
				PRODUCT_MODULE_NAME = Orifold;
				PRODUCT_NAME = Orifold;
				SDKROOT = macosx;
				SWIFT_VERSION = 5.9;
			};
			name = Debug;
		};
		2C2F6EDC17A7EF5698C25F3C /* Release */ = {
			isa = XCBuildConfiguration;
			buildSettings = {
				ASSETCATALOG_COMPILER_APPICON_NAME = AppIcon;
				ASSETCATALOG_COMPILER_GLOBAL_ACCENT_COLOR_NAME = AccentColor;
				CODE_SIGN_ENTITLEMENTS = Orifold/Resources/Orifold.entitlements;
				COMBINE_HIDPI_IMAGES = YES;
				ENABLE_PREVIEWS = YES;
				INFOPLIST_FILE = Orifold/Resources/Info.plist;
				LD_RUNPATH_SEARCH_PATHS = "@executable_path/../Frameworks";
				MACOSX_DEPLOYMENT_TARGET = 14.0;
				OTHER_LDFLAGS = (
					"-lc++",
					"-lz",
				);
				PRODUCT_MODULE_NAME = Orifold;
				PRODUCT_NAME = Orifold;
				SDKROOT = macosx;
				SWIFT_VERSION = 5.9;
			};
			name = Release;
		};
		D1D12E88203A476D2807B28E /* Release */ = {
			isa = XCBuildConfiguration;
			buildSettings = {
				BUNDLE_LOADER = "$(BUILT_PRODUCTS_DIR)/Orifold.app/Contents/MacOS/Orifold.debug.dylib";
				COMBINE_HIDPI_IMAGES = YES;
				GENERATE_INFOPLIST_FILE = YES;
				LD_RUNPATH_SEARCH_PATHS = "$(inherited) @executable_path/../Frameworks $(BUILT_PRODUCTS_DIR)/Orifold.app/Contents/MacOS";
				MACOSX_DEPLOYMENT_TARGET = 14.0;
				PRODUCT_NAME = OrifoldTests;
				SDKROOT = macosx;
				SWIFT_VERSION = 5.9;
				TEST_HOST = "";
			};
			name = Release;
		};
		D297EDBD9DCDCB7523AAD88E /* Release */ = {
			isa = XCBuildConfiguration;
			buildSettings = {
				ALWAYS_SEARCH_USER_PATHS = NO;
				CLANG_ANALYZER_NONNULL = YES;
				CLANG_ANALYZER_NUMBER_OBJECT_CONVERSION = YES_AGGRESSIVE;
				CLANG_CXX_LANGUAGE_STANDARD = "gnu++14";
				CLANG_CXX_LIBRARY = "libc++";
				CLANG_ENABLE_MODULES = YES;
				CLANG_ENABLE_OBJC_ARC = YES;
				CLANG_ENABLE_OBJC_WEAK = YES;
				CLANG_WARN_BLOCK_CAPTURE_AUTORELEASING = YES;
				CLANG_WARN_BOOL_CONVERSION = YES;
				CLANG_WARN_COMMA = YES;
				CLANG_WARN_CONSTANT_CONVERSION = YES;
				CLANG_WARN_DEPRECATED_OBJC_IMPLEMENTATIONS = YES;
				CLANG_WARN_DIRECT_OBJC_ISA_USAGE = YES_ERROR;
				CLANG_WARN_DOCUMENTATION_COMMENTS = YES;
				CLANG_WARN_EMPTY_BODY = YES;
				CLANG_WARN_ENUM_CONVERSION = YES;
				CLANG_WARN_INFINITE_RECURSION = YES;
				CLANG_WARN_INT_CONVERSION = YES;
				CLANG_WARN_NON_LITERAL_NULL_CONVERSION = YES;
				CLANG_WARN_OBJC_IMPLICIT_RETAIN_SELF = YES;
				CLANG_WARN_OBJC_LITERAL_CONVERSION = YES;
				CLANG_WARN_OBJC_ROOT_CLASS = YES_ERROR;
				CLANG_WARN_QUOTED_INCLUDE_IN_FRAMEWORK_HEADER = YES;
				CLANG_WARN_RANGE_LOOP_ANALYSIS = YES;
				CLANG_WARN_STRICT_PROTOTYPES = YES;
				CLANG_WARN_SUSPICIOUS_MOVE = YES;
				CLANG_WARN_UNGUARDED_AVAILABILITY = YES_AGGRESSIVE;
				CLANG_WARN_UNREACHABLE_CODE = YES;
				CLANG_WARN__DUPLICATE_METHOD_MATCH = YES;
				CODE_SIGN_INJECT_BASE_ENTITLEMENTS = NO;
				CODE_SIGN_STYLE = Automatic;
				COPY_PHASE_STRIP = NO;
				DEBUG_INFORMATION_FORMAT = "dwarf-with-dsym";
				DEVELOPMENT_TEAM = "";
				ENABLE_HARDENED_RUNTIME = YES;
				ENABLE_NS_ASSERTIONS = NO;
				ENABLE_STRICT_OBJC_MSGSEND = YES;
				GCC_C_LANGUAGE_STANDARD = gnu11;
				GCC_NO_COMMON_BLOCKS = YES;
				GCC_WARN_64_TO_32_BIT_CONVERSION = YES;
				GCC_WARN_ABOUT_RETURN_TYPE = YES_ERROR;
				GCC_WARN_UNDECLARED_SELECTOR = YES;
				GCC_WARN_UNINITIALIZED_AUTOS = YES_AGGRESSIVE;
				GCC_WARN_UNUSED_FUNCTION = YES;
				GCC_WARN_UNUSED_VARIABLE = YES;
				MACOSX_DEPLOYMENT_TARGET = 14.0;
				MTL_ENABLE_DEBUG_INFO = NO;
				MTL_FAST_MATH = YES;
				PRODUCT_BUNDLE_IDENTIFIER = com.ud.Orifold;
				PRODUCT_NAME = "$(TARGET_NAME)";
				SDKROOT = macosx;
				SWIFT_COMPILATION_MODE = wholemodule;
				SWIFT_OPTIMIZATION_LEVEL = "-O";
				SWIFT_VERSION = 5.9;
			};
			name = Release;
		};
		E4067D4CF4E1CE4EAFAC2FDA /* Debug */ = {
			isa = XCBuildConfiguration;
			buildSettings = {
				ALWAYS_SEARCH_USER_PATHS = NO;
				CLANG_ANALYZER_NONNULL = YES;
				CLANG_ANALYZER_NUMBER_OBJECT_CONVERSION = YES_AGGRESSIVE;
				CLANG_CXX_LANGUAGE_STANDARD = "gnu++14";
				CLANG_CXX_LIBRARY = "libc++";
				CLANG_ENABLE_MODULES = YES;
				CLANG_ENABLE_OBJC_ARC = YES;
				CLANG_ENABLE_OBJC_WEAK = YES;
				CLANG_WARN_BLOCK_CAPTURE_AUTORELEASING = YES;
				CLANG_WARN_BOOL_CONVERSION = YES;
				CLANG_WARN_COMMA = YES;
				CLANG_WARN_CONSTANT_CONVERSION = YES;
				CLANG_WARN_DEPRECATED_OBJC_IMPLEMENTATIONS = YES;
				CLANG_WARN_DIRECT_OBJC_ISA_USAGE = YES_ERROR;
				CLANG_WARN_DOCUMENTATION_COMMENTS = YES;
				CLANG_WARN_EMPTY_BODY = YES;
				CLANG_WARN_ENUM_CONVERSION = YES;
				CLANG_WARN_INFINITE_RECURSION = YES;
				CLANG_WARN_INT_CONVERSION = YES;
				CLANG_WARN_NON_LITERAL_NULL_CONVERSION = YES;
				CLANG_WARN_OBJC_IMPLICIT_RETAIN_SELF = YES;
				CLANG_WARN_OBJC_LITERAL_CONVERSION = YES;
				CLANG_WARN_OBJC_ROOT_CLASS = YES_ERROR;
				CLANG_WARN_QUOTED_INCLUDE_IN_FRAMEWORK_HEADER = YES;
				CLANG_WARN_RANGE_LOOP_ANALYSIS = YES;
				CLANG_WARN_STRICT_PROTOTYPES = YES;
				CLANG_WARN_SUSPICIOUS_MOVE = YES;
				CLANG_WARN_UNGUARDED_AVAILABILITY = YES_AGGRESSIVE;
				CLANG_WARN_UNREACHABLE_CODE = YES;
				CLANG_WARN__DUPLICATE_METHOD_MATCH = YES;
				CODE_SIGN_INJECT_BASE_ENTITLEMENTS = NO;
				CODE_SIGN_STYLE = Automatic;
				COPY_PHASE_STRIP = NO;
				DEBUG_INFORMATION_FORMAT = dwarf;
				DEVELOPMENT_TEAM = "";
				ENABLE_HARDENED_RUNTIME = YES;
				ENABLE_STRICT_OBJC_MSGSEND = YES;
				ENABLE_TESTABILITY = YES;
				GCC_C_LANGUAGE_STANDARD = gnu11;
				GCC_DYNAMIC_NO_PIC = NO;
				GCC_NO_COMMON_BLOCKS = YES;
				GCC_OPTIMIZATION_LEVEL = 0;
				GCC_PREPROCESSOR_DEFINITIONS = (
					"$(inherited)",
					"DEBUG=1",
				);
				GCC_WARN_64_TO_32_BIT_CONVERSION = YES;
				GCC_WARN_ABOUT_RETURN_TYPE = YES_ERROR;
				GCC_WARN_UNDECLARED_SELECTOR = YES;
				GCC_WARN_UNINITIALIZED_AUTOS = YES_AGGRESSIVE;
				GCC_WARN_UNUSED_FUNCTION = YES;
				GCC_WARN_UNUSED_VARIABLE = YES;
				MACOSX_DEPLOYMENT_TARGET = 14.0;
				MTL_ENABLE_DEBUG_INFO = INCLUDE_SOURCE;
				MTL_FAST_MATH = YES;
				ONLY_ACTIVE_ARCH = YES;
				PRODUCT_BUNDLE_IDENTIFIER = com.ud.Orifold;
				PRODUCT_NAME = "$(TARGET_NAME)";
				SDKROOT = macosx;
				SWIFT_ACTIVE_COMPILATION_CONDITIONS = DEBUG;
				SWIFT_OPTIMIZATION_LEVEL = "-Onone";
				SWIFT_VERSION = 5.9;
			};
			name = Debug;
		};
		F73E40935517B22B5A8C822E /* Debug */ = {
			isa = XCBuildConfiguration;
			buildSettings = {
				BUNDLE_LOADER = "$(BUILT_PRODUCTS_DIR)/Orifold.app/Contents/MacOS/Orifold.debug.dylib";
				COMBINE_HIDPI_IMAGES = YES;
				GENERATE_INFOPLIST_FILE = YES;
				LD_RUNPATH_SEARCH_PATHS = "$(inherited) @executable_path/../Frameworks $(BUILT_PRODUCTS_DIR)/Orifold.app/Contents/MacOS";
				MACOSX_DEPLOYMENT_TARGET = 14.0;
				PRODUCT_NAME = OrifoldTests;
				SDKROOT = macosx;
				SWIFT_VERSION = 5.9;
				TEST_HOST = "";
			};
			name = Debug;
		};
/* End XCBuildConfiguration section */

/* Begin XCConfigurationList section */
		7879AB292201AD048D05BCF8 /* Build configuration list for PBXNativeTarget "OrifoldTests" */ = {
			isa = XCConfigurationList;
			buildConfigurations = (
				F73E40935517B22B5A8C822E /* Debug */,
				D1D12E88203A476D2807B28E /* Release */,
			);
			defaultConfigurationIsVisible = 0;
			defaultConfigurationName = Debug;
		};
		AEF77A2AE6BF380BEAC1DC30 /* Build configuration list for PBXProject "Orifold" */ = {
			isa = XCConfigurationList;
			buildConfigurations = (
				E4067D4CF4E1CE4EAFAC2FDA /* Debug */,
				D297EDBD9DCDCB7523AAD88E /* Release */,
			);
			defaultConfigurationIsVisible = 0;
			defaultConfigurationName = Debug;
		};
		D1AC6A26447C622275DF6A21 /* Build configuration list for PBXNativeTarget "Orifold" */ = {
			isa = XCConfigurationList;
			buildConfigurations = (
				2A856FA611ACD588C3D118A0 /* Debug */,
				2C2F6EDC17A7EF5698C25F3C /* Release */,
			);
			defaultConfigurationIsVisible = 0;
			defaultConfigurationName = Debug;
		};
/* End XCConfigurationList section */

/* Begin XCLocalSwiftPackageReference section */
		6BCC6286A021DE3369213BFA /* XCLocalSwiftPackageReference "Packages/QPDFBinary" */ = {
			isa = XCLocalSwiftPackageReference;
			relativePath = Packages/QPDFBinary;
		};
		957187E9A66A158831415BB6 /* XCLocalSwiftPackageReference "Packages/PDFiumBinary" */ = {
			isa = XCLocalSwiftPackageReference;
			relativePath = Packages/PDFiumBinary;
		};
/* End XCLocalSwiftPackageReference section */

/* Begin XCRemoteSwiftPackageReference section */
		28EA000146EAA2552AF931DF /* XCRemoteSwiftPackageReference "swift-crypto" */ = {
			isa = XCRemoteSwiftPackageReference;
			repositoryURL = "https://github.com/apple/swift-crypto.git";
			requirement = {
				kind = upToNextMajorVersion;
				minimumVersion = 3.0.0;
			};
		};
		6C37C8DD4FD9E2D5BFECA17F /* XCRemoteSwiftPackageReference "swift-certificates" */ = {
			isa = XCRemoteSwiftPackageReference;
			repositoryURL = "https://github.com/apple/swift-certificates.git";
			requirement = {
				kind = upToNextMajorVersion;
				minimumVersion = 1.0.0;
			};
		};
		C0246552F5175909D3BC31D9 /* XCRemoteSwiftPackageReference "swift-asn1" */ = {
			isa = XCRemoteSwiftPackageReference;
			repositoryURL = "https://github.com/apple/swift-asn1.git";
			requirement = {
				kind = upToNextMajorVersion;
				minimumVersion = 1.0.0;
			};
		};
/* End XCRemoteSwiftPackageReference section */

/* Begin XCSwiftPackageProductDependency section */
		8A215D0E279B5B42BE971B23 /* CQPDF */ = {
			isa = XCSwiftPackageProductDependency;
			productName = CQPDF;
		};
		8B8980E6D4BEF170355C3518 /* X509 */ = {
			isa = XCSwiftPackageProductDependency;
			package = 6C37C8DD4FD9E2D5BFECA17F /* XCRemoteSwiftPackageReference "swift-certificates" */;
			productName = X509;
		};
		92A53F7F32237CC47937AEC5 /* Crypto */ = {
			isa = XCSwiftPackageProductDependency;
			package = 28EA000146EAA2552AF931DF /* XCRemoteSwiftPackageReference "swift-crypto" */;
			productName = Crypto;
		};
		C0FC659B12381CCDD655FB82 /* SwiftASN1 */ = {
			isa = XCSwiftPackageProductDependency;
			package = C0246552F5175909D3BC31D9 /* XCRemoteSwiftPackageReference "swift-asn1" */;
			productName = SwiftASN1;
		};
		DB186812550B10FC10B8C93A /* PDFium */ = {
			isa = XCSwiftPackageProductDependency;
			productName = PDFium;
		};
		DE48B05A3595CE54644E90CB /* CQPDF */ = {
			isa = XCSwiftPackageProductDependency;
			productName = CQPDF;
		};
		EB5BA4B643F6BDD93235739C /* PDFium */ = {
			isa = XCSwiftPackageProductDependency;
			productName = PDFium;
		};
/* End XCSwiftPackageProductDependency section */
	};
	rootObject = E41D02BB6DD00EDE9C4C8821 /* Project object */;
}
